
Microsoft Visual Studio Solution File, Format Version 12.00
# Visual Studio Version 16
VisualStudioVersion = 16.0.29209.62
MinimumVisualStudioVersion = 10.0.40219.1
Project("{9A19103F-16F7-4668-BE54-9A1E7A4F7556}") = "BT565", "BT565\BT565.csproj", "{6C39AD92-06E9-4A12-BF3C-1EECB515D1ED}"
EndProject
Project("{FAE04EC0-301F-11D3-BF4B-00C04F79EFBC}") = "BT570", "BT570\BT570.csproj", "{4496529C-6E43-4F45-8C5E-FC81EAD1C524}"
EndProject
Project("{FAE04EC0-301F-11D3-BF4B-00C04F79EFBC}") = "BT67", "BT67\BT67.csproj", "{2383CE86-43B6-4817-8E6F-10AA999C976C}"
EndProject
Global
	GlobalSection(SolutionConfigurationPlatforms) = preSolution
		Debug|Any CPU = Debug|Any CPU
		Release|Any CPU = Release|Any CPU
	EndGlobalSection
	GlobalSection(ProjectConfigurationPlatforms) = postSolution
		{6C39AD92-06E9-4A12-BF3C-1EECB515D1ED}.Debug|Any CPU.ActiveCfg = Debug|Any CPU
		{6C39AD92-06E9-4A12-BF3C-1EECB515D1ED}.Debug|Any CPU.Build.0 = Debug|Any CPU
		{6C39AD92-06E9-4A12-BF3C-1EECB515D1ED}.Release|Any CPU.ActiveCfg = Release|Any CPU
		{6C39AD92-06E9-4A12-BF3C-1EECB515D1ED}.Release|Any CPU.Build.0 = Release|Any CPU
		{4496529C-6E43-4F45-8C5E-FC81EAD1C524}.Debug|Any CPU.ActiveCfg = Debug|Any CPU
		{4496529C-6E43-4F45-8C5E-FC81EAD1C524}.Debug|Any CPU.Build.0 = Debug|Any CPU
		{4496529C-6E43-4F45-8C5E-FC81EAD1C524}.Release|Any CPU.ActiveCfg = Release|Any CPU
		{4496529C-6E43-4F45-8C5E-FC81EAD1C524}.Release|Any CPU.Build.0 = Release|Any CPU
		{2383CE86-43B6-4817-8E6F-10AA999C976C}.Debug|Any CPU.ActiveCfg = Debug|Any CPU
		{2383CE86-43B6-4817-8E6F-10AA999C976C}.Debug|Any CPU.Build.0 = Debug|Any CPU
		{2383CE86-43B6-4817-8E6F-10AA999C976C}.Release|Any CPU.ActiveCfg = Release|Any CPU
		{2383CE86-43B6-4817-8E6F-10AA999C976C}.Release|Any CPU.Build.0 = Release|Any CPU
	EndGlobalSection
	GlobalSection(SolutionProperties) = preSolution
		HideSolutionNode = FALSE
	EndGlobalSection
	GlobalSection(ExtensibilityGlobals) = postSolution
		SolutionGuid = {10573A92-1C1A-419C-B63C-BFC3FCCBC45A}
	EndGlobalSection
EndGlobal
