
Microsoft Visual Studio Solution File, Format Version 12.00
# Visual Studio Version 16
VisualStudioVersion = 16.0.29209.62
MinimumVisualStudioVersion = 10.0.40219.1
Project("{9A19103F-16F7-4668-BE54-9A1E7A4F7556}") = "ConsoleCSharpVSDB", "ConsoleCSharpVSDB\ConsoleCSharpVSDB.csproj", "{E6FD605F-E3CA-403A-B5FF-9A3251861AEE}"
EndProject
Project("{FAE04EC0-301F-11D3-BF4B-00C04F79EFBC}") = "JsonInCSharp", "JsonInCSharp\JsonInCSharp.csproj", "{8C2793D7-EB88-46FD-9C1E-9E3AE37BD969}"
EndProject
Project("{FAE04EC0-301F-11D3-BF4B-00C04F79EFBC}") = "ThaoTacVoiFile", "ThaoTacVoiFile\ThaoTacVoiFile.csproj", "{D48384EA-10F2-45CD-980B-C38946D33E08}"
EndProject
Global
	GlobalSection(SolutionConfigurationPlatforms) = preSolution
		Debug|Any CPU = Debug|Any CPU
		Release|Any CPU = Release|Any CPU
	EndGlobalSection
	GlobalSection(ProjectConfigurationPlatforms) = postSolution
		{E6FD605F-E3CA-403A-B5FF-9A3251861AEE}.Debug|Any CPU.ActiveCfg = Debug|Any CPU
		{E6FD605F-E3CA-403A-B5FF-9A3251861AEE}.Debug|Any CPU.Build.0 = Debug|Any CPU
		{E6FD605F-E3CA-403A-B5FF-9A3251861AEE}.Release|Any CPU.ActiveCfg = Release|Any CPU
		{E6FD605F-E3CA-403A-B5FF-9A3251861AEE}.Release|Any CPU.Build.0 = Release|Any CPU
		{8C2793D7-EB88-46FD-9C1E-9E3AE37BD969}.Debug|Any CPU.ActiveCfg = Debug|Any CPU
		{8C2793D7-EB88-46FD-9C1E-9E3AE37BD969}.Debug|Any CPU.Build.0 = Debug|Any CPU
		{8C2793D7-EB88-46FD-9C1E-9E3AE37BD969}.Release|Any CPU.ActiveCfg = Release|Any CPU
		{8C2793D7-EB88-46FD-9C1E-9E3AE37BD969}.Release|Any CPU.Build.0 = Release|Any CPU
		{D48384EA-10F2-45CD-980B-C38946D33E08}.Debug|Any CPU.ActiveCfg = Debug|Any CPU
		{D48384EA-10F2-45CD-980B-C38946D33E08}.Debug|Any CPU.Build.0 = Debug|Any CPU
		{D48384EA-10F2-45CD-980B-C38946D33E08}.Release|Any CPU.ActiveCfg = Release|Any CPU
		{D48384EA-10F2-45CD-980B-C38946D33E08}.Release|Any CPU.Build.0 = Release|Any CPU
	EndGlobalSection
	GlobalSection(SolutionProperties) = preSolution
		HideSolutionNode = FALSE
	EndGlobalSection
	GlobalSection(ExtensibilityGlobals) = postSolution
		SolutionGuid = {BD637D59-1ABB-4266-B091-D622B6721576}
	EndGlobalSection
EndGlobal
